
Microsoft Visual Studio Solution File, Format Version 12.00
# Visual Studio Version 17
VisualStudioVersion = 17.7.34018.315
MinimumVisualStudioVersion = 10.0.40219.1
Project("{FAE04EC0-301F-11D3-BF4B-00C04F79EFBC}") = "TestesFuncionaisSAG", "TestesFuncionaisSAG\TestesFuncionaisSAG.csproj", "{238C82E0-B59B-4884-80ED-3B7F5261B28C}"
EndProject
Project("{FAE04EC0-301F-11D3-BF4B-00C04F79EFBC}") = "TestesFuncionaisSAG.Tests", "TestesFuncionaisSAG.Tests\TestesFuncionaisSAG.Tests.csproj", "{012A7F7F-3C51-4B76-84D5-0F5AF1F275DB}"
EndProject
Project("{FAE04EC0-301F-11D3-BF4B-00C04F79EFBC}") = "TestesFuncionaisSAG.Formulario", "TestesFuncionaisSAG.Formulario\TestesFuncionaisSAG.Formulario.csproj", "{08EF1752-F161-4166-9D5A-F16482E6BB20}"
EndProject
Global
	GlobalSection(SolutionConfigurationPlatforms) = preSolution
		Debug|Any CPU = Debug|Any CPU
		Release|Any CPU = Release|Any CPU
	EndGlobalSection
	GlobalSection(ProjectConfigurationPlatforms) = postSolution
		{238C82E0-B59B-4884-80ED-3B7F5261B28C}.Debug|Any CPU.ActiveCfg = Debug|Any CPU
		{238C82E0-B59B-4884-80ED-3B7F5261B28C}.Debug|Any CPU.Build.0 = Debug|Any CPU
		{238C82E0-B59B-4884-80ED-3B7F5261B28C}.Release|Any CPU.ActiveCfg = Release|Any CPU
		{238C82E0-B59B-4884-80ED-3B7F5261B28C}.Release|Any CPU.Build.0 = Release|Any CPU
		{012A7F7F-3C51-4B76-84D5-0F5AF1F275DB}.Debug|Any CPU.ActiveCfg = Debug|Any CPU
		{012A7F7F-3C51-4B76-84D5-0F5AF1F275DB}.Debug|Any CPU.Build.0 = Debug|Any CPU
		{012A7F7F-3C51-4B76-84D5-0F5AF1F275DB}.Release|Any CPU.ActiveCfg = Release|Any CPU
		{012A7F7F-3C51-4B76-84D5-0F5AF1F275DB}.Release|Any CPU.Build.0 = Release|Any CPU
		{08EF1752-F161-4166-9D5A-F16482E6BB20}.Debug|Any CPU.ActiveCfg = Debug|Any CPU
		{08EF1752-F161-4166-9D5A-F16482E6BB20}.Debug|Any CPU.Build.0 = Debug|Any CPU
		{08EF1752-F161-4166-9D5A-F16482E6BB20}.Release|Any CPU.ActiveCfg = Release|Any CPU
		{08EF1752-F161-4166-9D5A-F16482E6BB20}.Release|Any CPU.Build.0 = Release|Any CPU
	EndGlobalSection
	GlobalSection(SolutionProperties) = preSolution
		HideSolutionNode = FALSE
	EndGlobalSection
	GlobalSection(ExtensibilityGlobals) = postSolution
		SolutionGuid = {679BA7DA-6358-4474-A7C4-80DF4B8D2FEB}
	EndGlobalSection
EndGlobal
